
Microsoft Visual Studio Solution File, Format Version 12.00
# Visual Studio Version 16
VisualStudioVersion = 16.0.31205.134
MinimumVisualStudioVersion = 10.0.40219.1
Project("{FAE04EC0-301F-11D3-BF4B-00C04F79EFBC}") = "LagrangeRemainderCalculator", "LagrangeRemainderCalculator\LagrangeRemainderCalculator.csproj", "{BA3A5C4C-3809-4B8C-856F-C2EA8C702AE0}"
EndProject
Global
	GlobalSection(SolutionConfigurationPlatforms) = preSolution
		Debug|Any CPU = Debug|Any CPU
		Release|Any CPU = Release|Any CPU
	EndGlobalSection
	GlobalSection(ProjectConfigurationPlatforms) = postSolution
		{BA3A5C4C-3809-4B8C-856F-C2EA8C702AE0}.Debug|Any CPU.ActiveCfg = Debug|Any CPU
		{BA3A5C4C-3809-4B8C-856F-C2EA8C702AE0}.Debug|Any CPU.Build.0 = Debug|Any CPU
		{BA3A5C4C-3809-4B8C-856F-C2EA8C702AE0}.Release|Any CPU.ActiveCfg = Release|Any CPU
		{BA3A5C4C-3809-4B8C-856F-C2EA8C702AE0}.Release|Any CPU.Build.0 = Release|Any CPU
	EndGlobalSection
	GlobalSection(SolutionProperties) = preSolution
		HideSolutionNode = FALSE
	EndGlobalSection
	GlobalSection(ExtensibilityGlobals) = postSolution
		SolutionGuid = {F126D90A-2D28-46A6-8495-584C80A0EC3E}
	EndGlobalSection
EndGlobal
